
Microsoft Visual Studio Solution File, Format Version 11.00
# Visual C# Express 2010
Project("{FAE04EC0-301F-11D3-BF4B-00C04F79EFBC}") = "Game_Book_Try", "Game_Book_Try\Game_Book_Try.csproj", "{ECF0AFE8-1AD2-4672-9544-8CE46F001BB3}"
EndProject
Project("{FAE04EC0-301F-11D3-BF4B-00C04F79EFBC}") = "ConsoleApplication1", "ConsoleApplication1\ConsoleApplication1.csproj", "{491EE872-FBDD-4ED5-A639-05D2283B9FC6}"
EndProject
Global
	GlobalSection(SolutionConfigurationPlatforms) = preSolution
		Debug|x86 = Debug|x86
		Release|x86 = Release|x86
	EndGlobalSection
	GlobalSection(ProjectConfigurationPlatforms) = postSolution
		{ECF0AFE8-1AD2-4672-9544-8CE46F001BB3}.Debug|x86.ActiveCfg = Debug|x86
		{ECF0AFE8-1AD2-4672-9544-8CE46F001BB3}.Debug|x86.Build.0 = Debug|x86
		{ECF0AFE8-1AD2-4672-9544-8CE46F001BB3}.Release|x86.ActiveCfg = Release|x86
		{ECF0AFE8-1AD2-4672-9544-8CE46F001BB3}.Release|x86.Build.0 = Release|x86
		{491EE872-FBDD-4ED5-A639-05D2283B9FC6}.Debug|x86.ActiveCfg = Debug|x86
		{491EE872-FBDD-4ED5-A639-05D2283B9FC6}.Debug|x86.Build.0 = Debug|x86
		{491EE872-FBDD-4ED5-A639-05D2283B9FC6}.Release|x86.ActiveCfg = Release|x86
		{491EE872-FBDD-4ED5-A639-05D2283B9FC6}.Release|x86.Build.0 = Release|x86
	EndGlobalSection
	GlobalSection(SolutionProperties) = preSolution
		HideSolutionNode = FALSE
	EndGlobalSection
EndGlobal
